
Microsoft Visual Studio Solution File, Format Version 12.00
# Visual Studio Express 2013 for Windows Desktop
VisualStudioVersion = 12.0.30501.0
MinimumVisualStudioVersion = 10.0.40219.1
Project("{FAE04EC0-301F-11D3-BF4B-00C04F79EFBC}") = "GoToWindow.Api", "GoToWindow.Api\GoToWindow.Api.csproj", "{C0E88C89-8430-43BA-A5D5-A92EAFD48A79}"
EndProject
Project("{FAE04EC0-301F-11D3-BF4B-00C04F79EFBC}") = "GoToWindow.Api.Tests", "GoToWindow.Api.Tests\GoToWindow.Api.Tests.csproj", "{AD018EA3-A7F6-4300-877F-084AB01A9D05}"
EndProject
Project("{2150E333-8FDC-42A3-9474-1A3956D46DE8}") = ".nuget", ".nuget", "{22EE4E4B-7732-4DF8-B1D9-C2D8B3DCBAD9}"
	ProjectSection(SolutionItems) = preProject
		.nuget\NuGet.Config = .nuget\NuGet.Config
		.nuget\NuGet.exe = .nuget\NuGet.exe
		.nuget\NuGet.targets = .nuget\NuGet.targets
	EndProjectSection
EndProject
Project("{FAE04EC0-301F-11D3-BF4B-00C04F79EFBC}") = "GoToWindow", "GoToWindow\GoToWindow.csproj", "{AD44B396-3917-47B6-B992-602A431EC253}"
EndProject
Project("{FAE04EC0-301F-11D3-BF4B-00C04F79EFBC}") = "GoToWindow.FakeApp", "GoToWindow.FakeApp\GoToWindow.FakeApp.csproj", "{068F2A79-E158-4F06-A312-9D4479081A20}"
EndProject
Project("{FAE04EC0-301F-11D3-BF4B-00C04F79EFBC}") = "GoToWindow.Extensibility", "GoToWindow.Extensibility\GoToWindow.Extensibility.csproj", "{672A2AA6-16B3-49BC-8FD8-535DA2F17A82}"
EndProject
Project("{FAE04EC0-301F-11D3-BF4B-00C04F79EFBC}") = "GoToWindow.Plugins.Core", "GoToWindow.Plugins.Core\GoToWindow.Plugins.Core.csproj", "{05405483-F47A-42C1-BB03-57E3D1B56918}"
EndProject
Project("{FAE04EC0-301F-11D3-BF4B-00C04F79EFBC}") = "GoToWindow.Plugins.Debug", "GoToWindow.Plugins.Debug\GoToWindow.Plugins.Debug.csproj", "{15144D50-5E17-48FF-867D-144B118385E4}"
EndProject
Project("{FAE04EC0-301F-11D3-BF4B-00C04F79EFBC}") = "GoToWindow.Plugins.ExpandBrowsersTabs", "GoToWindow.Plugins.ExpandBrowsersTabs\GoToWindow.Plugins.ExpandBrowsersTabs.csproj", "{D622114A-9CB3-4FBA-8381-7D028B1A3554}"
EndProject
Global
	GlobalSection(SolutionConfigurationPlatforms) = preSolution
		Debug|Any CPU = Debug|Any CPU
		Release|Any CPU = Release|Any CPU
	EndGlobalSection
	GlobalSection(ProjectConfigurationPlatforms) = postSolution
		{C0E88C89-8430-43BA-A5D5-A92EAFD48A79}.Debug|Any CPU.ActiveCfg = Debug|Any CPU
		{C0E88C89-8430-43BA-A5D5-A92EAFD48A79}.Debug|Any CPU.Build.0 = Debug|Any CPU
		{C0E88C89-8430-43BA-A5D5-A92EAFD48A79}.Release|Any CPU.ActiveCfg = Release|Any CPU
		{C0E88C89-8430-43BA-A5D5-A92EAFD48A79}.Release|Any CPU.Build.0 = Release|Any CPU
		{AD018EA3-A7F6-4300-877F-084AB01A9D05}.Debug|Any CPU.ActiveCfg = Debug|Any CPU
		{AD018EA3-A7F6-4300-877F-084AB01A9D05}.Debug|Any CPU.Build.0 = Debug|Any CPU
		{AD018EA3-A7F6-4300-877F-084AB01A9D05}.Release|Any CPU.ActiveCfg = Release|Any CPU
		{AD44B396-3917-47B6-B992-602A431EC253}.Debug|Any CPU.ActiveCfg = Debug|Any CPU
		{AD44B396-3917-47B6-B992-602A431EC253}.Debug|Any CPU.Build.0 = Debug|Any CPU
		{AD44B396-3917-47B6-B992-602A431EC253}.Release|Any CPU.ActiveCfg = Release|Any CPU
		{AD44B396-3917-47B6-B992-602A431EC253}.Release|Any CPU.Build.0 = Release|Any CPU
		{068F2A79-E158-4F06-A312-9D4479081A20}.Debug|Any CPU.ActiveCfg = Debug|Any CPU
		{068F2A79-E158-4F06-A312-9D4479081A20}.Debug|Any CPU.Build.0 = Debug|Any CPU
		{068F2A79-E158-4F06-A312-9D4479081A20}.Release|Any CPU.ActiveCfg = Release|Any CPU
		{672A2AA6-16B3-49BC-8FD8-535DA2F17A82}.Debug|Any CPU.ActiveCfg = Debug|Any CPU
		{672A2AA6-16B3-49BC-8FD8-535DA2F17A82}.Debug|Any CPU.Build.0 = Debug|Any CPU
		{672A2AA6-16B3-49BC-8FD8-535DA2F17A82}.Release|Any CPU.ActiveCfg = Release|Any CPU
		{672A2AA6-16B3-49BC-8FD8-535DA2F17A82}.Release|Any CPU.Build.0 = Release|Any CPU
		{05405483-F47A-42C1-BB03-57E3D1B56918}.Debug|Any CPU.ActiveCfg = Debug|Any CPU
		{05405483-F47A-42C1-BB03-57E3D1B56918}.Debug|Any CPU.Build.0 = Debug|Any CPU
		{05405483-F47A-42C1-BB03-57E3D1B56918}.Release|Any CPU.ActiveCfg = Release|Any CPU
		{05405483-F47A-42C1-BB03-57E3D1B56918}.Release|Any CPU.Build.0 = Release|Any CPU
		{15144D50-5E17-48FF-867D-144B118385E4}.Debug|Any CPU.ActiveCfg = Debug|Any CPU
		{15144D50-5E17-48FF-867D-144B118385E4}.Debug|Any CPU.Build.0 = Debug|Any CPU
		{15144D50-5E17-48FF-867D-144B118385E4}.Release|Any CPU.ActiveCfg = Release|Any CPU
		{D622114A-9CB3-4FBA-8381-7D028B1A3554}.Debug|Any CPU.ActiveCfg = Debug|Any CPU
		{D622114A-9CB3-4FBA-8381-7D028B1A3554}.Debug|Any CPU.Build.0 = Debug|Any CPU
		{D622114A-9CB3-4FBA-8381-7D028B1A3554}.Release|Any CPU.ActiveCfg = Release|Any CPU
		{D622114A-9CB3-4FBA-8381-7D028B1A3554}.Release|Any CPU.Build.0 = Release|Any CPU
	EndGlobalSection
	GlobalSection(SolutionProperties) = preSolution
		HideSolutionNode = FALSE
	EndGlobalSection
EndGlobal
